
Microsoft Visual Studio Solution File, Format Version 12.00
# Visual Studio Version 17
VisualStudioVersion = 17.5.33424.131
MinimumVisualStudioVersion = 10.0.40219.1
Project("{FAE04EC0-301F-11D3-BF4B-00C04F79EFBC}") = "API", "API\API.csproj", "{8BC13CE0-B0F2-4743-A2EB-D81967C08176}"
EndProject
Project("{FAE04EC0-301F-11D3-BF4B-00C04F79EFBC}") = "Core", "Core\Core.csproj", "{C99BB66C-DB73-4228-AA3D-579873685FD6}"
EndProject
Project("{FAE04EC0-301F-11D3-BF4B-00C04F79EFBC}") = "Infraestructure", "Infraestructure\Infraestructure.csproj", "{478EB88C-F28C-49E7-8080-2817CAF94831}"
EndProject
Global
	GlobalSection(SolutionConfigurationPlatforms) = preSolution
		Debug|Any CPU = Debug|Any CPU
		Release|Any CPU = Release|Any CPU
	EndGlobalSection
	GlobalSection(ProjectConfigurationPlatforms) = postSolution
		{8BC13CE0-B0F2-4743-A2EB-D81967C08176}.Debug|Any CPU.ActiveCfg = Debug|Any CPU
		{8BC13CE0-B0F2-4743-A2EB-D81967C08176}.Debug|Any CPU.Build.0 = Debug|Any CPU
		{8BC13CE0-B0F2-4743-A2EB-D81967C08176}.Release|Any CPU.ActiveCfg = Release|Any CPU
		{8BC13CE0-B0F2-4743-A2EB-D81967C08176}.Release|Any CPU.Build.0 = Release|Any CPU
		{C99BB66C-DB73-4228-AA3D-579873685FD6}.Debug|Any CPU.ActiveCfg = Debug|Any CPU
		{C99BB66C-DB73-4228-AA3D-579873685FD6}.Debug|Any CPU.Build.0 = Debug|Any CPU
		{C99BB66C-DB73-4228-AA3D-579873685FD6}.Release|Any CPU.ActiveCfg = Release|Any CPU
		{C99BB66C-DB73-4228-AA3D-579873685FD6}.Release|Any CPU.Build.0 = Release|Any CPU
		{478EB88C-F28C-49E7-8080-2817CAF94831}.Debug|Any CPU.ActiveCfg = Debug|Any CPU
		{478EB88C-F28C-49E7-8080-2817CAF94831}.Debug|Any CPU.Build.0 = Debug|Any CPU
		{478EB88C-F28C-49E7-8080-2817CAF94831}.Release|Any CPU.ActiveCfg = Release|Any CPU
		{478EB88C-F28C-49E7-8080-2817CAF94831}.Release|Any CPU.Build.0 = Release|Any CPU
	EndGlobalSection
	GlobalSection(SolutionProperties) = preSolution
		HideSolutionNode = FALSE
	EndGlobalSection
	GlobalSection(ExtensibilityGlobals) = postSolution
		SolutionGuid = {6436D990-84A0-4749-B65F-F2E9B2076F05}
	EndGlobalSection
EndGlobal
